
Microsoft Visual Studio Solution File, Format Version 12.00
Project("{FAE04EC0-301F-11D3-BF4B-00C04F79EFBC}") = "HouseManagement", "HouseManagement\HouseManagement.csproj", "{36E7A4C5-9D77-4FD6-BEA9-CD367B4D671D}"
EndProject
Global
	GlobalSection(SolutionConfigurationPlatforms) = preSolution
		Debug|Any CPU = Debug|Any CPU
		Release|Any CPU = Release|Any CPU
	EndGlobalSection
	GlobalSection(ProjectConfigurationPlatforms) = postSolution
		{36E7A4C5-9D77-4FD6-BEA9-CD367B4D671D}.Debug|Any CPU.ActiveCfg = Debug|Any CPU
		{36E7A4C5-9D77-4FD6-BEA9-CD367B4D671D}.Debug|Any CPU.Build.0 = Debug|Any CPU
		{36E7A4C5-9D77-4FD6-BEA9-CD367B4D671D}.Release|Any CPU.ActiveCfg = Release|Any CPU
		{36E7A4C5-9D77-4FD6-BEA9-CD367B4D671D}.Release|Any CPU.Build.0 = Release|Any CPU
	EndGlobalSection
EndGlobal
